
Microsoft Visual Studio Solution File, Format Version 11.00
# Visual Studio 2010
Project("{FAE04EC0-301F-11D3-BF4B-00C04F79EFBC}") = "Boxophobic.Utils.Scripts", "Boxophobic.Utils.Scripts.csproj", "{1EC04D9C-EA52-76FC-7436-9B56E4300371}"
EndProject
Project("{FAE04EC0-301F-11D3-BF4B-00C04F79EFBC}") = "Assembly-CSharp-firstpass", "Assembly-CSharp-firstpass.csproj", "{814F0251-0D8A-B236-A5BB-7A49333F6B59}"
EndProject
Project("{FAE04EC0-301F-11D3-BF4B-00C04F79EFBC}") = "Boxophobic.SkyboxCubemapExtended.Editor", "Boxophobic.SkyboxCubemapExtended.Editor.csproj", "{82ED6A9A-BA73-C4D4-F509-F5A20C2FAF45}"
EndProject
Project("{FAE04EC0-301F-11D3-BF4B-00C04F79EFBC}") = "Boxophobic.Utils.Editor", "Boxophobic.Utils.Editor.csproj", "{441C22BF-B2B7-3569-3D5F-142F843AB0AB}"
EndProject
Global
	GlobalSection(SolutionConfigurationPlatforms) = preSolution
		Debug|Any CPU = Debug|Any CPU
		Release|Any CPU = Release|Any CPU
	EndGlobalSection
	GlobalSection(ProjectConfigurationPlatforms) = postSolution
		{1EC04D9C-EA52-76FC-7436-9B56E4300371}.Debug|Any CPU.ActiveCfg = Debug|Any CPU
		{1EC04D9C-EA52-76FC-7436-9B56E4300371}.Debug|Any CPU.Build.0 = Debug|Any CPU
		{1EC04D9C-EA52-76FC-7436-9B56E4300371}.Release|Any CPU.ActiveCfg = Release|Any CPU
		{1EC04D9C-EA52-76FC-7436-9B56E4300371}.Release|Any CPU.Build.0 = Release|Any CPU
		{814F0251-0D8A-B236-A5BB-7A49333F6B59}.Debug|Any CPU.ActiveCfg = Debug|Any CPU
		{814F0251-0D8A-B236-A5BB-7A49333F6B59}.Debug|Any CPU.Build.0 = Debug|Any CPU
		{814F0251-0D8A-B236-A5BB-7A49333F6B59}.Release|Any CPU.ActiveCfg = Release|Any CPU
		{814F0251-0D8A-B236-A5BB-7A49333F6B59}.Release|Any CPU.Build.0 = Release|Any CPU
		{82ED6A9A-BA73-C4D4-F509-F5A20C2FAF45}.Debug|Any CPU.ActiveCfg = Debug|Any CPU
		{82ED6A9A-BA73-C4D4-F509-F5A20C2FAF45}.Debug|Any CPU.Build.0 = Debug|Any CPU
		{82ED6A9A-BA73-C4D4-F509-F5A20C2FAF45}.Release|Any CPU.ActiveCfg = Release|Any CPU
		{82ED6A9A-BA73-C4D4-F509-F5A20C2FAF45}.Release|Any CPU.Build.0 = Release|Any CPU
		{441C22BF-B2B7-3569-3D5F-142F843AB0AB}.Debug|Any CPU.ActiveCfg = Debug|Any CPU
		{441C22BF-B2B7-3569-3D5F-142F843AB0AB}.Debug|Any CPU.Build.0 = Debug|Any CPU
		{441C22BF-B2B7-3569-3D5F-142F843AB0AB}.Release|Any CPU.ActiveCfg = Release|Any CPU
		{441C22BF-B2B7-3569-3D5F-142F843AB0AB}.Release|Any CPU.Build.0 = Release|Any CPU
	EndGlobalSection
	GlobalSection(SolutionProperties) = preSolution
		HideSolutionNode = FALSE
	EndGlobalSection
EndGlobal
